// !$*UTF8*$!
{
	archiveVersion = 1;
	classes = {
	};
	objectVersion = 56;
	objects = {

/* Begin PBXBuildFile section */
		BA90884629884E0E00996592 /* MessengerApp.swift in Sources */ = {isa = PBXBuildFile; fileRef = BA90884529884E0E00996592 /* MessengerApp.swift */; };
		BA90884829884E0E00996592 /* ContentView.swift in Sources */ = {isa = PBXBuildFile; fileRef = BA90884729884E0E00996592 /* ContentView.swift */; };
		BA90884A29884E1000996592 /* Assets.xcassets in Resources */ = {isa = PBXBuildFile; fileRef = BA90884929884E1000996592 /* Assets.xcassets */; };
		BA90884D29884E1000996592 /* Preview Assets.xcassets in Resources */ = {isa = PBXBuildFile; fileRef = BA90884C29884E1000996592 /* Preview Assets.xcassets */; };
		BA90885729884E1000996592 /* MessengerTests.swift in Sources */ = {isa = PBXBuildFile; fileRef = BA90885629884E1000996592 /* MessengerTests.swift */; };
		BA90886129884E1000996592 /* MessengerUITests.swift in Sources */ = {isa = PBXBuildFile; fileRef = BA90886029884E1000996592 /* MessengerUITests.swift */; };
		BA90886329884E1000996592 /* MessengerUITestsLaunchTests.swift in Sources */ = {isa = PBXBuildFile; fileRef = BA90886229884E1000996592 /* MessengerUITestsLaunchTests.swift */; };
		BA9088722988510F00996592 /* AppBar.swift in Sources */ = {isa = PBXBuildFile; fileRef = BA9088712988510F00996592 /* AppBar.swift */; };
		BAF5449E2989459A000AA0EC /* Message.swift in Sources */ = {isa = PBXBuildFile; fileRef = BAF5449D2989459A000AA0EC /* Message.swift */; };
		BAF544A0298945F6000AA0EC /* MessageBubble.swift in Sources */ = {isa = PBXBuildFile; fileRef = BAF5449F298945F6000AA0EC /* MessageBubble.swift */; };
		BAF544A42989528D000AA0EC /* MessageField.swift in Sources */ = {isa = PBXBuildFile; fileRef = BAF544A32989528D000AA0EC /* MessageField.swift */; };
		BAF544AA298959BB000AA0EC /* FirebaseFirestore in Frameworks */ = {isa = PBXBuildFile; productRef = BAF544A9298959BB000AA0EC /* FirebaseFirestore */; };
		BAF544AC298959BB000AA0EC /* FirebaseFirestoreSwift in Frameworks */ = {isa = PBXBuildFile; productRef = BAF544AB298959BB000AA0EC /* FirebaseFirestoreSwift */; };
		BAF544B32989621C000AA0EC /* MessagesManager.swift in Sources */ = {isa = PBXBuildFile; fileRef = BAF544B22989621C000AA0EC /* MessagesManager.swift */; };
		BAF544B529896901000AA0EC /* GoogleService-Info.plist in Resources */ = {isa = PBXBuildFile; fileRef = BAF544B429896901000AA0EC /* GoogleService-Info.plist */; };
/* End PBXBuildFile section */

/* Begin PBXContainerItemProxy section */
		BA90885329884E1000996592 /* PBXContainerItemProxy */ = {
			isa = PBXContainerItemProxy;
			containerPortal = BA90883A29884E0E00996592 /* Project object */;
			proxyType = 1;
			remoteGlobalIDString = BA90884129884E0E00996592;
			remoteInfo = Messenger;
		};
		BA90885D29884E1000996592 /* PBXContainerItemProxy */ = {
			isa = PBXContainerItemProxy;
			containerPortal = BA90883A29884E0E00996592 /* Project object */;
			proxyType = 1;
			remoteGlobalIDString = BA90884129884E0E00996592;
			remoteInfo = Messenger;
		};
/* End PBXContainerItemProxy section */

/* Begin PBXFileReference section */
		BA90884229884E0E00996592 /* Messenger.app */ = {isa = PBXFileReference; explicitFileType = wrapper.application; includeInIndex = 0; path = Messenger.app; sourceTree = BUILT_PRODUCTS_DIR; };
		BA90884529884E0E00996592 /* MessengerApp.swift */ = {isa = PBXFileReference; lastKnownFileType = sourcecode.swift; path = MessengerApp.swift; sourceTree = "<group>"; };
		BA90884729884E0E00996592 /* ContentView.swift */ = {isa = PBXFileReference; lastKnownFileType = sourcecode.swift; path = ContentView.swift; sourceTree = "<group>"; };
		BA90884929884E1000996592 /* Assets.xcassets */ = {isa = PBXFileReference; lastKnownFileType = folder.assetcatalog; path = Assets.xcassets; sourceTree = "<group>"; };
		BA90884C29884E1000996592 /* Preview Assets.xcassets */ = {isa = PBXFileReference; lastKnownFileType = folder.assetcatalog; path = "Preview Assets.xcassets"; sourceTree = "<group>"; };
		BA90885229884E1000996592 /* MessengerTests.xctest */ = {isa = PBXFileReference; explicitFileType = wrapper.cfbundle; includeInIndex = 0; path = MessengerTests.xctest; sourceTree = BUILT_PRODUCTS_DIR; };
		BA90885629884E1000996592 /* MessengerTests.swift */ = {isa = PBXFileReference; lastKnownFileType = sourcecode.swift; path = MessengerTests.swift; sourceTree = "<group>"; };
		BA90885C29884E1000996592 /* MessengerUITests.xctest */ = {isa = PBXFileReference; explicitFileType = wrapper.cfbundle; includeInIndex = 0; path = MessengerUITests.xctest; sourceTree = BUILT_PRODUCTS_DIR; };
		BA90886029884E1000996592 /* MessengerUITests.swift */ = {isa = PBXFileReference; lastKnownFileType = sourcecode.swift; path = MessengerUITests.swift; sourceTree = "<group>"; };
		BA90886229884E1000996592 /* MessengerUITestsLaunchTests.swift */ = {isa = PBXFileReference; lastKnownFileType = sourcecode.swift; path = MessengerUITestsLaunchTests.swift; sourceTree = "<group>"; };
		BA9088712988510F00996592 /* AppBar.swift */ = {isa = PBXFileReference; lastKnownFileType = sourcecode.swift; path = AppBar.swift; sourceTree = "<group>"; };
		BAF5449D2989459A000AA0EC /* Message.swift */ = {isa = PBXFileReference; lastKnownFileType = sourcecode.swift; path = Message.swift; sourceTree = "<group>"; };
		BAF5449F298945F6000AA0EC /* MessageBubble.swift */ = {isa = PBXFileReference; lastKnownFileType = sourcecode.swift; path = MessageBubble.swift; sourceTree = "<group>"; };
		BAF544A32989528D000AA0EC /* MessageField.swift */ = {isa = PBXFileReference; lastKnownFileType = sourcecode.swift; path = MessageField.swift; sourceTree = "<group>"; };
		BAF544B22989621C000AA0EC /* MessagesManager.swift */ = {isa = PBXFileReference; lastKnownFileType = sourcecode.swift; path = MessagesManager.swift; sourceTree = "<group>"; };
		BAF544B429896901000AA0EC /* GoogleService-Info.plist */ = {isa = PBXFileReference; fileEncoding = 4; lastKnownFileType = text.plist.xml; name = "GoogleService-Info.plist"; path = "../../GoogleService-Info.plist"; sourceTree = "<group>"; };
/* End PBXFileReference section */

/* Begin PBXFrameworksBuildPhase section */
		BA90883F29884E0E00996592 /* Frameworks */ = {
			isa = PBXFrameworksBuildPhase;
			buildActionMask = 2147483647;
			files = (
				BAF544AA298959BB000AA0EC /* FirebaseFirestore in Frameworks */,
				BAF544AC298959BB000AA0EC /* FirebaseFirestoreSwift in Frameworks */,
			);
			runOnlyForDeploymentPostprocessing = 0;
		};
		BA90884F29884E1000996592 /* Frameworks */ = {
			isa = PBXFrameworksBuildPhase;
			buildActionMask = 2147483647;
			files = (
			);
			runOnlyForDeploymentPostprocessing = 0;
		};
		BA90885929884E1000996592 /* Frameworks */ = {
			isa = PBXFrameworksBuildPhase;
			buildActionMask = 2147483647;
			files = (
			);
			runOnlyForDeploymentPostprocessing = 0;
		};
/* End PBXFrameworksBuildPhase section */

/* Begin PBXGroup section */
		BA90883929884E0E00996592 = {
			isa = PBXGroup;
			children = (
				BA90884429884E0E00996592 /* Messenger */,
				BA90885529884E1000996592 /* MessengerTests */,
				BA90885F29884E1000996592 /* MessengerUITests */,
				BA90884329884E0E00996592 /* Products */,
			);
			sourceTree = "<group>";
		};
		BA90884329884E0E00996592 /* Products */ = {
			isa = PBXGroup;
			children = (
				BA90884229884E0E00996592 /* Messenger.app */,
				BA90885229884E1000996592 /* MessengerTests.xctest */,
				BA90885C29884E1000996592 /* MessengerUITests.xctest */,
			);
			name = Products;
			sourceTree = "<group>";
		};
		BA90884429884E0E00996592 /* Messenger */ = {
			isa = PBXGroup;
			children = (
				BAF544B429896901000AA0EC /* GoogleService-Info.plist */,
				BAF5449C29894573000AA0EC /* Models */,
				BA908870298850E000996592 /* Components */,
				BA90884529884E0E00996592 /* MessengerApp.swift */,
				BA90884729884E0E00996592 /* ContentView.swift */,
				BA90884929884E1000996592 /* Assets.xcassets */,
				BA90884B29884E1000996592 /* Preview Content */,
				BAF544B22989621C000AA0EC /* MessagesManager.swift */,
			);
			path = Messenger;
			sourceTree = "<group>";
		};
		BA90884B29884E1000996592 /* Preview Content */ = {
			isa = PBXGroup;
			children = (
				BA90884C29884E1000996592 /* Preview Assets.xcassets */,
			);
			path = "Preview Content";
			sourceTree = "<group>";
		};
		BA90885529884E1000996592 /* MessengerTests */ = {
			isa = PBXGroup;
			children = (
				BA90885629884E1000996592 /* MessengerTests.swift */,
			);
			path = MessengerTests;
			sourceTree = "<group>";
		};
		BA90885F29884E1000996592 /* MessengerUITests */ = {
			isa = PBXGroup;
			children = (
				BA90886029884E1000996592 /* MessengerUITests.swift */,
				BA90886229884E1000996592 /* MessengerUITestsLaunchTests.swift */,
			);
			path = MessengerUITests;
			sourceTree = "<group>";
		};
		BA908870298850E000996592 /* Components */ = {
			isa = PBXGroup;
			children = (
				BA9088712988510F00996592 /* AppBar.swift */,
				BAF5449F298945F6000AA0EC /* MessageBubble.swift */,
				BAF544A32989528D000AA0EC /* MessageField.swift */,
			);
			path = Components;
			sourceTree = "<group>";
		};
		BAF5449C29894573000AA0EC /* Models */ = {
			isa = PBXGroup;
			children = (
				BAF5449D2989459A000AA0EC /* Message.swift */,
			);
			path = Models;
			sourceTree = "<group>";
		};
/* End PBXGroup section */

/* Begin PBXNativeTarget section */
		BA90884129884E0E00996592 /* Messenger */ = {
			isa = PBXNativeTarget;
			buildConfigurationList = BA90886629884E1000996592 /* Build configuration list for PBXNativeTarget "Messenger" */;
			buildPhases = (
				BA90883E29884E0E00996592 /* Sources */,
				BA90883F29884E0E00996592 /* Frameworks */,
				BA90884029884E0E00996592 /* Resources */,
			);
			buildRules = (
			);
			dependencies = (
			);
			name = Messenger;
			packageProductDependencies = (
				BAF544A9298959BB000AA0EC /* FirebaseFirestore */,
				BAF544AB298959BB000AA0EC /* FirebaseFirestoreSwift */,
			);
			productName = Messenger;
			productReference = BA90884229884E0E00996592 /* Messenger.app */;
			productType = "com.apple.product-type.application";
		};
		BA90885129884E1000996592 /* MessengerTests */ = {
			isa = PBXNativeTarget;
			buildConfigurationList = BA90886929884E1000996592 /* Build configuration list for PBXNativeTarget "MessengerTests" */;
			buildPhases = (
				BA90884E29884E1000996592 /* Sources */,
				BA90884F29884E1000996592 /* Frameworks */,
				BA90885029884E1000996592 /* Resources */,
			);
			buildRules = (
			);
			dependencies = (
				BA90885429884E1000996592 /* PBXTargetDependency */,
			);
			name = MessengerTests;
			productName = MessengerTests;
			productReference = BA90885229884E1000996592 /* MessengerTests.xctest */;
			productType = "com.apple.product-type.bundle.unit-test";
		};
		BA90885B29884E1000996592 /* MessengerUITests */ = {
			isa = PBXNativeTarget;
			buildConfigurationList = BA90886C29884E1000996592 /* Build configuration list for PBXNativeTarget "MessengerUITests" */;
			buildPhases = (
				BA90885829884E1000996592 /* Sources */,
				BA90885929884E1000996592 /* Frameworks */,
				BA90885A29884E1000996592 /* Resources */,
			);
			buildRules = (
			);
			dependencies = (
				BA90885E29884E1000996592 /* PBXTargetDependency */,
			);
			name = MessengerUITests;
			productName = MessengerUITests;
			productReference = BA90885C29884E1000996592 /* MessengerUITests.xctest */;
			productType = "com.apple.product-type.bundle.ui-testing";
		};
/* End PBXNativeTarget section */

/* Begin PBXProject section */
		BA90883A29884E0E00996592 /* Project object */ = {
			isa = PBXProject;
			attributes = {
				BuildIndependentTargetsInParallel = 1;
				LastSwiftUpdateCheck = 1420;
				LastUpgradeCheck = 1420;
				TargetAttributes = {
					BA90884129884E0E00996592 = {
						CreatedOnToolsVersion = 14.2;
					};
					BA90885129884E1000996592 = {
						CreatedOnToolsVersion = 14.2;
						TestTargetID = BA90884129884E0E00996592;
					};
					BA90885B29884E1000996592 = {
						CreatedOnToolsVersion = 14.2;
						TestTargetID = BA90884129884E0E00996592;
					};
				};
			};
			buildConfigurationList = BA90883D29884E0E00996592 /* Build configuration list for PBXProject "Messenger" */;
			compatibilityVersion = "Xcode 14.0";
			developmentRegion = en;
			hasScannedForEncodings = 0;
			knownRegions = (
				en,
				Base,
			);
			mainGroup = BA90883929884E0E00996592;
			packageReferences = (
				BAF544A8298959BB000AA0EC /* XCRemoteSwiftPackageReference "firebase-ios-sdk" */,
			);
			productRefGroup = BA90884329884E0E00996592 /* Products */;
			projectDirPath = "";
			projectRoot = "";
			targets = (
				BA90884129884E0E00996592 /* Messenger */,
				BA90885129884E1000996592 /* MessengerTests */,
				BA90885B29884E1000996592 /* MessengerUITests */,
			);
		};
/* End PBXProject section */

/* Begin PBXResourcesBuildPhase section */
		BA90884029884E0E00996592 /* Resources */ = {
			isa = PBXResourcesBuildPhase;
			buildActionMask = 2147483647;
			files = (
				BA90884D29884E1000996592 /* Preview Assets.xcassets in Resources */,
				BA90884A29884E1000996592 /* Assets.xcassets in Resources */,
				BAF544B529896901000AA0EC /* GoogleService-Info.plist in Resources */,
			);
			runOnlyForDeploymentPostprocessing = 0;
		};
		BA90885029884E1000996592 /* Resources */ = {
			isa = PBXResourcesBuildPhase;
			buildActionMask = 2147483647;
			files = (
			);
			runOnlyForDeploymentPostprocessing = 0;
		};
		BA90885A29884E1000996592 /* Resources */ = {
			isa = PBXResourcesBuildPhase;
			buildActionMask = 2147483647;
			files = (
			);
			runOnlyForDeploymentPostprocessing = 0;
		};
/* End PBXResourcesBuildPhase section */

/* Begin PBXSourcesBuildPhase section */
		BA90883E29884E0E00996592 /* Sources */ = {
			isa = PBXSourcesBuildPhase;
			buildActionMask = 2147483647;
			files = (
				BA9088722988510F00996592 /* AppBar.swift in Sources */,
				BAF5449E2989459A000AA0EC /* Message.swift in Sources */,
				BAF544B32989621C000AA0EC /* MessagesManager.swift in Sources */,
				BAF544A42989528D000AA0EC /* MessageField.swift in Sources */,
				BAF544A0298945F6000AA0EC /* MessageBubble.swift in Sources */,
				BA90884829884E0E00996592 /* ContentView.swift in Sources */,
				BA90884629884E0E00996592 /* MessengerApp.swift in Sources */,
			);
			runOnlyForDeploymentPostprocessing = 0;
		};
		BA90884E29884E1000996592 /* Sources */ = {
			isa = PBXSourcesBuildPhase;
			buildActionMask = 2147483647;
			files = (
				BA90885729884E1000996592 /* MessengerTests.swift in Sources */,
			);
			runOnlyForDeploymentPostprocessing = 0;
		};
		BA90885829884E1000996592 /* Sources */ = {
			isa = PBXSourcesBuildPhase;
			buildActionMask = 2147483647;
			files = (
				BA90886329884E1000996592 /* MessengerUITestsLaunchTests.swift in Sources */,
				BA90886129884E1000996592 /* MessengerUITests.swift in Sources */,
			);
			runOnlyForDeploymentPostprocessing = 0;
		};
/* End PBXSourcesBuildPhase section */

/* Begin PBXTargetDependency section */
		BA90885429884E1000996592 /* PBXTargetDependency */ = {
			isa = PBXTargetDependency;
			target = BA90884129884E0E00996592 /* Messenger */;
			targetProxy = BA90885329884E1000996592 /* PBXContainerItemProxy */;
		};
		BA90885E29884E1000996592 /* PBXTargetDependency */ = {
			isa = PBXTargetDependency;
			target = BA90884129884E0E00996592 /* Messenger */;
			targetProxy = BA90885D29884E1000996592 /* PBXContainerItemProxy */;
		};
/* End PBXTargetDependency section */

/* Begin XCBuildConfiguration section */
		BA90886429884E1000996592 /* Debug */ = {
			isa = XCBuildConfiguration;
			buildSettings = {
				ALWAYS_SEARCH_USER_PATHS = NO;
				CLANG_ANALYZER_NONNULL = YES;
				CLANG_ANALYZER_NUMBER_OBJECT_CONVERSION = YES_AGGRESSIVE;
				CLANG_CXX_LANGUAGE_STANDARD = "gnu++20";
				CLANG_ENABLE_MODULES = YES;
				CLANG_ENABLE_OBJC_ARC = YES;
				CLANG_ENABLE_OBJC_WEAK = YES;
				CLANG_WARN_BLOCK_CAPTURE_AUTORELEASING = YES;
				CLANG_WARN_BOOL_CONVERSION = YES;
				CLANG_WARN_COMMA = YES;
				CLANG_WARN_CONSTANT_CONVERSION = YES;
				CLANG_WARN_DEPRECATED_OBJC_IMPLEMENTATIONS = YES;
				CLANG_WARN_DIRECT_OBJC_ISA_USAGE = YES_ERROR;
				CLANG_WARN_DOCUMENTATION_COMMENTS = YES;
				CLANG_WARN_EMPTY_BODY = YES;
				CLANG_WARN_ENUM_CONVERSION = YES;
				CLANG_WARN_INFINITE_RECURSION = YES;
				CLANG_WARN_INT_CONVERSION = YES;
				CLANG_WARN_NON_LITERAL_NULL_CONVERSION = YES;
				CLANG_WARN_OBJC_IMPLICIT_RETAIN_SELF = YES;
				CLANG_WARN_OBJC_LITERAL_CONVERSION = YES;
				CLANG_WARN_OBJC_ROOT_CLASS = YES_ERROR;
				CLANG_WARN_QUOTED_INCLUDE_IN_FRAMEWORK_HEADER = YES;
				CLANG_WARN_RANGE_LOOP_ANALYSIS = YES;
				CLANG_WARN_STRICT_PROTOTYPES = YES;
				CLANG_WARN_SUSPICIOUS_MOVE = YES;
				CLANG_WARN_UNGUARDED_AVAILABILITY = YES_AGGRESSIVE;
				CLANG_WARN_UNREACHABLE_CODE = YES;
				CLANG_WARN__DUPLICATE_METHOD_MATCH = YES;
				COPY_PHASE_STRIP = NO;
				DEBUG_INFORMATION_FORMAT = dwarf;
				ENABLE_STRICT_OBJC_MSGSEND = YES;
				ENABLE_TESTABILITY = YES;
				GCC_C_LANGUAGE_STANDARD = gnu11;
				GCC_DYNAMIC_NO_PIC = NO;
				GCC_NO_COMMON_BLOCKS = YES;
				GCC_OPTIMIZATION_LEVEL = 0;
				GCC_PREPROCESSOR_DEFINITIONS = (
					"DEBUG=1",
					"$(inherited)",
				);
				GCC_WARN_64_TO_32_BIT_CONVERSION = YES;
				GCC_WARN_ABOUT_RETURN_TYPE = YES_ERROR;
				GCC_WARN_UNDECLARED_SELECTOR = YES;
				GCC_WARN_UNINITIALIZED_AUTOS = YES_AGGRESSIVE;
				GCC_WARN_UNUSED_FUNCTION = YES;
				GCC_WARN_UNUSED_VARIABLE = YES;
				IPHONEOS_DEPLOYMENT_TARGET = 16.2;
				MTL_ENABLE_DEBUG_INFO = INCLUDE_SOURCE;
				MTL_FAST_MATH = YES;
				ONLY_ACTIVE_ARCH = YES;
				SDKROOT = iphoneos;
				SWIFT_ACTIVE_COMPILATION_CONDITIONS = DEBUG;
				SWIFT_OPTIMIZATION_LEVEL = "-Onone";
			};
			name = Debug;
		};
		BA90886529884E1000996592 /* Release */ = {
			isa = XCBuildConfiguration;
			buildSettings = {
				ALWAYS_SEARCH_USER_PATHS = NO;
				CLANG_ANALYZER_NONNULL = YES;
				CLANG_ANALYZER_NUMBER_OBJECT_CONVERSION = YES_AGGRESSIVE;
				CLANG_CXX_LANGUAGE_STANDARD = "gnu++20";
				CLANG_ENABLE_MODULES = YES;
				CLANG_ENABLE_OBJC_ARC = YES;
				CLANG_ENABLE_OBJC_WEAK = YES;
				CLANG_WARN_BLOCK_CAPTURE_AUTORELEASING = YES;
				CLANG_WARN_BOOL_CONVERSION = YES;
				CLANG_WARN_COMMA = YES;
				CLANG_WARN_CONSTANT_CONVERSION = YES;
				CLANG_WARN_DEPRECATED_OBJC_IMPLEMENTATIONS = YES;
				CLANG_WARN_DIRECT_OBJC_ISA_USAGE = YES_ERROR;
				CLANG_WARN_DOCUMENTATION_COMMENTS = YES;
				CLANG_WARN_EMPTY_BODY = YES;
				CLANG_WARN_ENUM_CONVERSION = YES;
				CLANG_WARN_INFINITE_RECURSION = YES;
				CLANG_WARN_INT_CONVERSION = YES;
				CLANG_WARN_NON_LITERAL_NULL_CONVERSION = YES;
				CLANG_WARN_OBJC_IMPLICIT_RETAIN_SELF = YES;
				CLANG_WARN_OBJC_LITERAL_CONVERSION = YES;
				CLANG_WARN_OBJC_ROOT_CLASS = YES_ERROR;
				CLANG_WARN_QUOTED_INCLUDE_IN_FRAMEWORK_HEADER = YES;
				CLANG_WARN_RANGE_LOOP_ANALYSIS = YES;
				CLANG_WARN_STRICT_PROTOTYPES = YES;
				CLANG_WARN_SUSPICIOUS_MOVE = YES;
				CLANG_WARN_UNGUARDED_AVAILABILITY = YES_AGGRESSIVE;
				CLANG_WARN_UNREACHABLE_CODE = YES;
				CLANG_WARN__DUPLICATE_METHOD_MATCH = YES;
				COPY_PHASE_STRIP = NO;
				DEBUG_INFORMATION_FORMAT = "dwarf-with-dsym";
				ENABLE_NS_ASSERTIONS = NO;
				ENABLE_STRICT_OBJC_MSGSEND = YES;
				GCC_C_LANGUAGE_STANDARD = gnu11;
				GCC_NO_COMMON_BLOCKS = YES;
				GCC_WARN_64_TO_32_BIT_CONVERSION = YES;
				GCC_WARN_ABOUT_RETURN_TYPE = YES_ERROR;
				GCC_WARN_UNDECLARED_SELECTOR = YES;
				GCC_WARN_UNINITIALIZED_AUTOS = YES_AGGRESSIVE;
				GCC_WARN_UNUSED_FUNCTION = YES;
				GCC_WARN_UNUSED_VARIABLE = YES;
				IPHONEOS_DEPLOYMENT_TARGET = 16.2;
				MTL_ENABLE_DEBUG_INFO = NO;
				MTL_FAST_MATH = YES;
				SDKROOT = iphoneos;
				SWIFT_COMPILATION_MODE = wholemodule;
				SWIFT_OPTIMIZATION_LEVEL = "-O";
				VALIDATE_PRODUCT = YES;
			};
			name = Release;
		};
		BA90886729884E1000996592 /* Debug */ = {
			isa = XCBuildConfiguration;
			buildSettings = {
				ASSETCATALOG_COMPILER_APPICON_NAME = AppIcon;
				ASSETCATALOG_COMPILER_GLOBAL_ACCENT_COLOR_NAME = AccentColor;
				CODE_SIGN_STYLE = Automatic;
				CURRENT_PROJECT_VERSION = 1;
				DEVELOPMENT_ASSET_PATHS = "\"Messenger/Preview Content\"";
				DEVELOPMENT_TEAM = L8J525PWGX;
				ENABLE_PREVIEWS = YES;
				GENERATE_INFOPLIST_FILE = YES;
				INFOPLIST_KEY_CFBundleDisplayName = Messenger;
				INFOPLIST_KEY_UIApplicationSceneManifest_Generation = YES;
				INFOPLIST_KEY_UIApplicationSupportsIndirectInputEvents = YES;
				INFOPLIST_KEY_UILaunchScreen_Generation = YES;
				INFOPLIST_KEY_UISupportedInterfaceOrientations_iPad = "UIInterfaceOrientationPortrait UIInterfaceOrientationPortraitUpsideDown UIInterfaceOrientationLandscapeLeft UIInterfaceOrientationLandscapeRight";
				INFOPLIST_KEY_UISupportedInterfaceOrientations_iPhone = "UIInterfaceOrientationPortrait UIInterfaceOrientationLandscapeLeft UIInterfaceOrientationLandscapeRight";
				LD_RUNPATH_SEARCH_PATHS = (
					"$(inherited)",
					"@executable_path/Frameworks",
				);
				MARKETING_VERSION = 1.0;
				PRODUCT_BUNDLE_IDENTIFIER = chatApp.Messenger;
				PRODUCT_NAME = "$(TARGET_NAME)";
				SWIFT_EMIT_LOC_STRINGS = YES;
				SWIFT_VERSION = 5.0;
				TARGETED_DEVICE_FAMILY = "1,2";
			};
			name = Debug;
		};
		BA90886829884E1000996592 /* Release */ = {
			isa = XCBuildConfiguration;
			buildSettings = {
				ASSETCATALOG_COMPILER_APPICON_NAME = AppIcon;
				ASSETCATALOG_COMPILER_GLOBAL_ACCENT_COLOR_NAME = AccentColor;
				CODE_SIGN_STYLE = Automatic;
				CURRENT_PROJECT_VERSION = 1;
				DEVELOPMENT_ASSET_PATHS = "\"Messenger/Preview Content\"";
				DEVELOPMENT_TEAM = L8J525PWGX;
				ENABLE_PREVIEWS = YES;
				GENERATE_INFOPLIST_FILE = YES;
				INFOPLIST_KEY_CFBundleDisplayName = Messenger;
				INFOPLIST_KEY_UIApplicationSceneManifest_Generation = YES;
				INFOPLIST_KEY_UIApplicationSupportsIndirectInputEvents = YES;
				INFOPLIST_KEY_UILaunchScreen_Generation = YES;
				INFOPLIST_KEY_UISupportedInterfaceOrientations_iPad = "UIInterfaceOrientationPortrait UIInterfaceOrientationPortraitUpsideDown UIInterfaceOrientationLandscapeLeft UIInterfaceOrientationLandscapeRight";
				INFOPLIST_KEY_UISupportedInterfaceOrientations_iPhone = "UIInterfaceOrientationPortrait UIInterfaceOrientationLandscapeLeft UIInterfaceOrientationLandscapeRight";
				LD_RUNPATH_SEARCH_PATHS = (
					"$(inherited)",
					"@executable_path/Frameworks",
				);
				MARKETING_VERSION = 1.0;
				PRODUCT_BUNDLE_IDENTIFIER = chatApp.Messenger;
				PRODUCT_NAME = "$(TARGET_NAME)";
				SWIFT_EMIT_LOC_STRINGS = YES;
				SWIFT_VERSION = 5.0;
				TARGETED_DEVICE_FAMILY = "1,2";
			};
			name = Release;
		};
		BA90886A29884E1000996592 /* Debug */ = {
			isa = XCBuildConfiguration;
			buildSettings = {
				ALWAYS_EMBED_SWIFT_STANDARD_LIBRARIES = YES;
				BUNDLE_LOADER = "$(TEST_HOST)";
				CODE_SIGN_STYLE = Automatic;
				CURRENT_PROJECT_VERSION = 1;
				DEVELOPMENT_TEAM = L8J525PWGX;
				GENERATE_INFOPLIST_FILE = YES;
				IPHONEOS_DEPLOYMENT_TARGET = 16.2;
				MARKETING_VERSION = 1.0;
				PRODUCT_BUNDLE_IDENTIFIER = chatApp.MessengerTests;
				PRODUCT_NAME = "$(TARGET_NAME)";
				SWIFT_EMIT_LOC_STRINGS = NO;
				SWIFT_VERSION = 5.0;
				TARGETED_DEVICE_FAMILY = "1,2";
				TEST_HOST = "$(BUILT_PRODUCTS_DIR)/Messenger.app/$(BUNDLE_EXECUTABLE_FOLDER_PATH)/Messenger";
			};
			name = Debug;
		};
		BA90886B29884E1000996592 /* Release */ = {
			isa = XCBuildConfiguration;
			buildSettings = {
				ALWAYS_EMBED_SWIFT_STANDARD_LIBRARIES = YES;
				BUNDLE_LOADER = "$(TEST_HOST)";
				CODE_SIGN_STYLE = Automatic;
				CURRENT_PROJECT_VERSION = 1;
				DEVELOPMENT_TEAM = L8J525PWGX;
				GENERATE_INFOPLIST_FILE = YES;
				IPHONEOS_DEPLOYMENT_TARGET = 16.2;
				MARKETING_VERSION = 1.0;
				PRODUCT_BUNDLE_IDENTIFIER = chatApp.MessengerTests;
				PRODUCT_NAME = "$(TARGET_NAME)";
				SWIFT_EMIT_LOC_STRINGS = NO;
				SWIFT_VERSION = 5.0;
				TARGETED_DEVICE_FAMILY = "1,2";
				TEST_HOST = "$(BUILT_PRODUCTS_DIR)/Messenger.app/$(BUNDLE_EXECUTABLE_FOLDER_PATH)/Messenger";
			};
			name = Release;
		};
		BA90886D29884E1000996592 /* Debug */ = {
			isa = XCBuildConfiguration;
			buildSettings = {
				ALWAYS_EMBED_SWIFT_STANDARD_LIBRARIES = YES;
				CODE_SIGN_STYLE = Automatic;
				CURRENT_PROJECT_VERSION = 1;
				DEVELOPMENT_TEAM = L8J525PWGX;
				GENERATE_INFOPLIST_FILE = YES;
				MARKETING_VERSION = 1.0;
				PRODUCT_BUNDLE_IDENTIFIER = chatApp.MessengerUITests;
				PRODUCT_NAME = "$(TARGET_NAME)";
				SWIFT_EMIT_LOC_STRINGS = NO;
				SWIFT_VERSION = 5.0;
				TARGETED_DEVICE_FAMILY = "1,2";
				TEST_TARGET_NAME = Messenger;
			};
			name = Debug;
		};
		BA90886E29884E1000996592 /* Release */ = {
			isa = XCBuildConfiguration;
			buildSettings = {
				ALWAYS_EMBED_SWIFT_STANDARD_LIBRARIES = YES;
				CODE_SIGN_STYLE = Automatic;
				CURRENT_PROJECT_VERSION = 1;
				DEVELOPMENT_TEAM = L8J525PWGX;
				GENERATE_INFOPLIST_FILE = YES;
				MARKETING_VERSION = 1.0;
				PRODUCT_BUNDLE_IDENTIFIER = chatApp.MessengerUITests;
				PRODUCT_NAME = "$(TARGET_NAME)";
				SWIFT_EMIT_LOC_STRINGS = NO;
				SWIFT_VERSION = 5.0;
				TARGETED_DEVICE_FAMILY = "1,2";
				TEST_TARGET_NAME = Messenger;
			};
			name = Release;
		};
/* End XCBuildConfiguration section */

/* Begin XCConfigurationList section */
		BA90883D29884E0E00996592 /* Build configuration list for PBXProject "Messenger" */ = {
			isa = XCConfigurationList;
			buildConfigurations = (
				BA90886429884E1000996592 /* Debug */,
				BA90886529884E1000996592 /* Release */,
			);
			defaultConfigurationIsVisible = 0;
			defaultConfigurationName = Release;
		};
		BA90886629884E1000996592 /* Build configuration list for PBXNativeTarget "Messenger" */ = {
			isa = XCConfigurationList;
			buildConfigurations = (
				BA90886729884E1000996592 /* Debug */,
				BA90886829884E1000996592 /* Release */,
			);
			defaultConfigurationIsVisible = 0;
			defaultConfigurationName = Release;
		};
		BA90886929884E1000996592 /* Build configuration list for PBXNativeTarget "MessengerTests" */ = {
			isa = XCConfigurationList;
			buildConfigurations = (
				BA90886A29884E1000996592 /* Debug */,
				BA90886B29884E1000996592 /* Release */,
			);
			defaultConfigurationIsVisible = 0;
			defaultConfigurationName = Release;
		};
		BA90886C29884E1000996592 /* Build configuration list for PBXNativeTarget "MessengerUITests" */ = {
			isa = XCConfigurationList;
			buildConfigurations = (
				BA90886D29884E1000996592 /* Debug */,
				BA90886E29884E1000996592 /* Release */,
			);
			defaultConfigurationIsVisible = 0;
			defaultConfigurationName = Release;
		};
/* End XCConfigurationList section */

/* Begin XCRemoteSwiftPackageReference section */
		BAF544A8298959BB000AA0EC /* XCRemoteSwiftPackageReference "firebase-ios-sdk" */ = {
			isa = XCRemoteSwiftPackageReference;
			repositoryURL = "https://github.com/firebase/firebase-ios-sdk";
			requirement = {
				kind = upToNextMajorVersion;
				minimumVersion = 9.0.0;
			};
		};
/* End XCRemoteSwiftPackageReference section */

/* Begin XCSwiftPackageProductDependency section */
		BAF544A9298959BB000AA0EC /* FirebaseFirestore */ = {
			isa = XCSwiftPackageProductDependency;
			package = BAF544A8298959BB000AA0EC /* XCRemoteSwiftPackageReference "firebase-ios-sdk" */;
			productName = FirebaseFirestore;
		};
		BAF544AB298959BB000AA0EC /* FirebaseFirestoreSwift */ = {
			isa = XCSwiftPackageProductDependency;
			package = BAF544A8298959BB000AA0EC /* XCRemoteSwiftPackageReference "firebase-ios-sdk" */;
			productName = FirebaseFirestoreSwift;
		};
/* End XCSwiftPackageProductDependency section */
	};
	rootObject = BA90883A29884E0E00996592 /* Project object */;
}
